{
  "requires": true,
  "lockfileVersion": 1,
  "dependencies": {
    "streams": {
      "version": "0.0.3",
      "resolved": "https://registry.npmjs.org/streams/-/streams-0.0.3.tgz",
      "integrity": "sha512-pQxUyU8G1sStl91OvVBj6svv3MZo11MWHWEuP6Y345ZTXLzUG1Ve4MPowoD5Y/J44h7ZGqIcRkBcrjjcqt7I1A=="
    }
  }
}
